schema: '2.0'
stages:
  clean:
    cmd: python src/clean_dataset.py
    deps:
    - path: data/raw
      hash: md5
      md5: b9d7367976af02834a629456902864df.dir
      size: 8569
      nfiles: 1
    - path: src/clean_dataset.py
      hash: md5
      md5: 00a3929e12a6bfaaf08d3c49415e532f
      size: 3555
      isexec: true
    - path: src/preprocess.py
      hash: md5
      md5: 4d23353c7076a6ed1348f5ce210d2dfe
      size: 3784
      isexec: true
    outs:
    - path: data/interim/clean.jsonl
      hash: md5
      md5: 8d5494b7246444620961873cb24b7bd1
      size: 747
      isexec: true
  scrub:
    cmd: python src/scrub_secrets.py
    deps:
    - path: data/interim/clean.jsonl
      hash: md5
      md5: 8d5494b7246444620961873cb24b7bd1
      size: 747
      isexec: true
    - path: src/scrub_secrets.py
      hash: md5
      md5: 5b77fb5a181601c4eea06be52b4d09a2
      size: 3159
      isexec: true
    outs:
    - path: data/processed/labelable.jsonl
      hash: md5
      md5: 8d5494b7246444620961873cb24b7bd1
      size: 747
      isexec: true
    - path: data/processed/secret_quarantine_ids.txt
      hash: md5
      md5: 68b329da9893e34099c7d8ad5cb9c940
      size: 1
      isexec: true
